// !$*UTF8*$!
{
	archiveVersion = 1;
	classes = {
	};
	objectVersion = 50;
	objects = {

/* Begin PBXBuildFile section */
		6D53ACBF252062D300D2A8AD /* AppDelegate.swift in Sources */ = {isa = PBXBuildFile; fileRef = 6D53ACBE252062D300D2A8AD /* AppDelegate.swift */; };
		6D53ACC8252062D400D2A8AD /* Assets.xcassets in Resources */ = {isa = PBXBuildFile; fileRef = 6D53ACC7252062D400D2A8AD /* Assets.xcassets */; };
		6D53ACCB252062D400D2A8AD /* LaunchScreen.storyboard in Resources */ = {isa = PBXBuildFile; fileRef = 6D53ACC9252062D400D2A8AD /* LaunchScreen.storyboard */; };
		6D53ACD6252062D400D2A8AD /* Code_ChallengeTests.swift in Sources */ = {isa = PBXBuildFile; fileRef = 6D53ACD5252062D400D2A8AD /* Code_ChallengeTests.swift */; };
		6D53ACE1252062D400D2A8AD /* Code_ChallengeUITests.swift in Sources */ = {isa = PBXBuildFile; fileRef = 6D53ACE0252062D400D2A8AD /* Code_ChallengeUITests.swift */; };
		6D53ACEF2520651200D2A8AD /* HomeViewController.swift in Sources */ = {isa = PBXBuildFile; fileRef = 6D53ACEE2520651200D2A8AD /* HomeViewController.swift */; };
		6DA2B1E125206BA6001CB452 /* InfoTableViewCell.swift in Sources */ = {isa = PBXBuildFile; fileRef = 6DA2B1E025206BA6001CB452 /* InfoTableViewCell.swift */; };
/* End PBXBuildFile section */

/* Begin PBXContainerItemProxy section */
		6D53ACD2252062D400D2A8AD /* PBXContainerItemProxy */ = {
			isa = PBXContainerItemProxy;
			containerPortal = 6D53ACB3252062D300D2A8AD /* Project object */;
			proxyType = 1;
			remoteGlobalIDString = 6D53ACBA252062D300D2A8AD;
			remoteInfo = Code_Challenge;
		};
		6D53ACDD252062D400D2A8AD /* PBXContainerItemProxy */ = {
			isa = PBXContainerItemProxy;
			containerPortal = 6D53ACB3252062D300D2A8AD /* Project object */;
			proxyType = 1;
			remoteGlobalIDString = 6D53ACBA252062D300D2A8AD;
			remoteInfo = Code_Challenge;
		};
/* End PBXContainerItemProxy section */

/* Begin PBXFileReference section */
		6D53ACBB252062D300D2A8AD /* Code_Challenge.app */ = {isa = PBXFileReference; explicitFileType = wrapper.application; includeInIndex = 0; path = Code_Challenge.app; sourceTree = BUILT_PRODUCTS_DIR; };
		6D53ACBE252062D300D2A8AD /* AppDelegate.swift */ = {isa = PBXFileReference; lastKnownFileType = sourcecode.swift; path = AppDelegate.swift; sourceTree = "<group>"; };
		6D53ACC7252062D400D2A8AD /* Assets.xcassets */ = {isa = PBXFileReference; lastKnownFileType = folder.assetcatalog; path = Assets.xcassets; sourceTree = "<group>"; };
		6D53ACCA252062D400D2A8AD /* Base */ = {isa = PBXFileReference; lastKnownFileType = file.storyboard; name = Base; path = Base.lproj/LaunchScreen.storyboard; sourceTree = "<group>"; };
		6D53ACCC252062D400D2A8AD /* Info.plist */ = {isa = PBXFileReference; lastKnownFileType = text.plist.xml; path = Info.plist; sourceTree = "<group>"; };
		6D53ACD1252062D400D2A8AD /* Code_ChallengeTests.xctest */ = {isa = PBXFileReference; explicitFileType = wrapper.cfbundle; includeInIndex = 0; path = Code_ChallengeTests.xctest; sourceTree = BUILT_PRODUCTS_DIR; };
		6D53ACD5252062D400D2A8AD /* Code_ChallengeTests.swift */ = {isa = PBXFileReference; lastKnownFileType = sourcecode.swift; path = Code_ChallengeTests.swift; sourceTree = "<group>"; };
		6D53ACD7252062D400D2A8AD /* Info.plist */ = {isa = PBXFileReference; lastKnownFileType = text.plist.xml; path = Info.plist; sourceTree = "<group>"; };
		6D53ACDC252062D400D2A8AD /* Code_ChallengeUITests.xctest */ = {isa = PBXFileReference; explicitFileType = wrapper.cfbundle; includeInIndex = 0; path = Code_ChallengeUITests.xctest; sourceTree = BUILT_PRODUCTS_DIR; };
		6D53ACE0252062D400D2A8AD /* Code_ChallengeUITests.swift */ = {isa = PBXFileReference; lastKnownFileType = sourcecode.swift; path = Code_ChallengeUITests.swift; sourceTree = "<group>"; };
		6D53ACE2252062D400D2A8AD /* Info.plist */ = {isa = PBXFileReference; lastKnownFileType = text.plist.xml; path = Info.plist; sourceTree = "<group>"; };
		6D53ACEE2520651200D2A8AD /* HomeViewController.swift */ = {isa = PBXFileReference; lastKnownFileType = sourcecode.swift; path = HomeViewController.swift; sourceTree = "<group>"; };
		6DA2B1E025206BA6001CB452 /* InfoTableViewCell.swift */ = {isa = PBXFileReference; lastKnownFileType = sourcecode.swift; path = InfoTableViewCell.swift; sourceTree = "<group>"; };
/* End PBXFileReference section */

/* Begin PBXFrameworksBuildPhase section */
		6D53ACB8252062D300D2A8AD /* Frameworks */ = {
			isa = PBXFrameworksBuildPhase;
			buildActionMask = 2147483647;
			files = (
			);
			runOnlyForDeploymentPostprocessing = 0;
		};
		6D53ACCE252062D400D2A8AD /* Frameworks */ = {
			isa = PBXFrameworksBuildPhase;
			buildActionMask = 2147483647;
			files = (
			);
			runOnlyForDeploymentPostprocessing = 0;
		};
		6D53ACD9252062D400D2A8AD /* Frameworks */ = {
			isa = PBXFrameworksBuildPhase;
			buildActionMask = 2147483647;
			files = (
			);
			runOnlyForDeploymentPostprocessing = 0;
		};
/* End PBXFrameworksBuildPhase section */

/* Begin PBXGroup section */
		6D53ACB2252062D300D2A8AD = {
			isa = PBXGroup;
			children = (
				6D53ACBD252062D300D2A8AD /* Code_Challenge */,
				6D53ACD4252062D400D2A8AD /* Code_ChallengeTests */,
				6D53ACDF252062D400D2A8AD /* Code_ChallengeUITests */,
				6D53ACBC252062D300D2A8AD /* Products */,
			);
			sourceTree = "<group>";
		};
		6D53ACBC252062D300D2A8AD /* Products */ = {
			isa = PBXGroup;
			children = (
				6D53ACBB252062D300D2A8AD /* Code_Challenge.app */,
				6D53ACD1252062D400D2A8AD /* Code_ChallengeTests.xctest */,
				6D53ACDC252062D400D2A8AD /* Code_ChallengeUITests.xctest */,
			);
			name = Products;
			sourceTree = "<group>";
		};
		6D53ACBD252062D300D2A8AD /* Code_Challenge */ = {
			isa = PBXGroup;
			children = (
				6D53ACF4252066D400D2A8AD /* Modules */,
				6D53ACF5252066F800D2A8AD /* Window */,
				6D53ACC7252062D400D2A8AD /* Assets.xcassets */,
				6D53ACC9252062D400D2A8AD /* LaunchScreen.storyboard */,
				6D53ACCC252062D400D2A8AD /* Info.plist */,
			);
			path = Code_Challenge;
			sourceTree = "<group>";
		};
		6D53ACD4252062D400D2A8AD /* Code_ChallengeTests */ = {
			isa = PBXGroup;
			children = (
				6D53ACD5252062D400D2A8AD /* Code_ChallengeTests.swift */,
				6D53ACD7252062D400D2A8AD /* Info.plist */,
			);
			path = Code_ChallengeTests;
			sourceTree = "<group>";
		};
		6D53ACDF252062D400D2A8AD /* Code_ChallengeUITests */ = {
			isa = PBXGroup;
			children = (
				6D53ACE0252062D400D2A8AD /* Code_ChallengeUITests.swift */,
				6D53ACE2252062D400D2A8AD /* Info.plist */,
			);
			path = Code_ChallengeUITests;
			sourceTree = "<group>";
		};
		6D53ACF02520669500D2A8AD /* View */ = {
			isa = PBXGroup;
			children = (
				6D53ACF72520678D00D2A8AD /* Controllers */,
				6D53ACF62520678300D2A8AD /* Cell */,
			);
			path = View;
			sourceTree = "<group>";
		};
		6D53ACF1252066A600D2A8AD /* Model */ = {
			isa = PBXGroup;
			children = (
			);
			path = Model;
			sourceTree = "<group>";
		};
		6D53ACF3252066C700D2A8AD /* ViewModel */ = {
			isa = PBXGroup;
			children = (
			);
			name = ViewModel;
			path = ..;
			sourceTree = "<group>";
		};
		6D53ACF4252066D400D2A8AD /* Modules */ = {
			isa = PBXGroup;
			children = (
				6D53ACF1252066A600D2A8AD /* Model */,
				6D53ACF02520669500D2A8AD /* View */,
				6D53ACF3252066C700D2A8AD /* ViewModel */,
			);
			path = Modules;
			sourceTree = "<group>";
		};
		6D53ACF5252066F800D2A8AD /* Window */ = {
			isa = PBXGroup;
			children = (
				6D53ACBE252062D300D2A8AD /* AppDelegate.swift */,
			);
			path = Window;
			sourceTree = "<group>";
		};
		6D53ACF62520678300D2A8AD /* Cell */ = {
			isa = PBXGroup;
			children = (
				6DA2B1E025206BA6001CB452 /* InfoTableViewCell.swift */,
			);
			path = Cell;
			sourceTree = "<group>";
		};
		6D53ACF72520678D00D2A8AD /* Controllers */ = {
			isa = PBXGroup;
			children = (
				6D53ACEE2520651200D2A8AD /* HomeViewController.swift */,
			);
			path = Controllers;
			sourceTree = "<group>";
		};
/* End PBXGroup section */

/* Begin PBXNativeTarget section */
		6D53ACBA252062D300D2A8AD /* Code_Challenge */ = {
			isa = PBXNativeTarget;
			buildConfigurationList = 6D53ACE5252062D400D2A8AD /* Build configuration list for PBXNativeTarget "Code_Challenge" */;
			buildPhases = (
				6D53ACB7252062D300D2A8AD /* Sources */,
				6D53ACB8252062D300D2A8AD /* Frameworks */,
				6D53ACB9252062D300D2A8AD /* Resources */,
			);
			buildRules = (
			);
			dependencies = (
			);
			name = Code_Challenge;
			productName = Code_Challenge;
			productReference = 6D53ACBB252062D300D2A8AD /* Code_Challenge.app */;
			productType = "com.apple.product-type.application";
		};
		6D53ACD0252062D400D2A8AD /* Code_ChallengeTests */ = {
			isa = PBXNativeTarget;
			buildConfigurationList = 6D53ACE8252062D400D2A8AD /* Build configuration list for PBXNativeTarget "Code_ChallengeTests" */;
			buildPhases = (
				6D53ACCD252062D400D2A8AD /* Sources */,
				6D53ACCE252062D400D2A8AD /* Frameworks */,
				6D53ACCF252062D400D2A8AD /* Resources */,
			);
			buildRules = (
			);
			dependencies = (
				6D53ACD3252062D400D2A8AD /* PBXTargetDependency */,
			);
			name = Code_ChallengeTests;
			productName = Code_ChallengeTests;
			productReference = 6D53ACD1252062D400D2A8AD /* Code_ChallengeTests.xctest */;
			productType = "com.apple.product-type.bundle.unit-test";
		};
		6D53ACDB252062D400D2A8AD /* Code_ChallengeUITests */ = {
			isa = PBXNativeTarget;
			buildConfigurationList = 6D53ACEB252062D400D2A8AD /* Build configuration list for PBXNativeTarget "Code_ChallengeUITests" */;
			buildPhases = (
				6D53ACD8252062D400D2A8AD /* Sources */,
				6D53ACD9252062D400D2A8AD /* Frameworks */,
				6D53ACDA252062D400D2A8AD /* Resources */,
			);
			buildRules = (
			);
			dependencies = (
				6D53ACDE252062D400D2A8AD /* PBXTargetDependency */,
			);
			name = Code_ChallengeUITests;
			productName = Code_ChallengeUITests;
			productReference = 6D53ACDC252062D400D2A8AD /* Code_ChallengeUITests.xctest */;
			productType = "com.apple.product-type.bundle.ui-testing";
		};
/* End PBXNativeTarget section */

/* Begin PBXProject section */
		6D53ACB3252062D300D2A8AD /* Project object */ = {
			isa = PBXProject;
			attributes = {
				LastSwiftUpdateCheck = 1170;
				LastUpgradeCheck = 1170;
				ORGANIZATIONNAME = Nitesh;
				TargetAttributes = {
					6D53ACBA252062D300D2A8AD = {
						CreatedOnToolsVersion = 11.7;
					};
					6D53ACD0252062D400D2A8AD = {
						CreatedOnToolsVersion = 11.7;
						TestTargetID = 6D53ACBA252062D300D2A8AD;
					};
					6D53ACDB252062D400D2A8AD = {
						CreatedOnToolsVersion = 11.7;
						TestTargetID = 6D53ACBA252062D300D2A8AD;
					};
				};
			};
			buildConfigurationList = 6D53ACB6252062D300D2A8AD /* Build configuration list for PBXProject "Code_Challenge" */;
			compatibilityVersion = "Xcode 9.3";
			developmentRegion = en;
			hasScannedForEncodings = 0;
			knownRegions = (
				en,
				Base,
			);
			mainGroup = 6D53ACB2252062D300D2A8AD;
			productRefGroup = 6D53ACBC252062D300D2A8AD /* Products */;
			projectDirPath = "";
			projectRoot = "";
			targets = (
				6D53ACBA252062D300D2A8AD /* Code_Challenge */,
				6D53ACD0252062D400D2A8AD /* Code_ChallengeTests */,
				6D53ACDB252062D400D2A8AD /* Code_ChallengeUITests */,
			);
		};
/* End PBXProject section */

/* Begin PBXResourcesBuildPhase section */
		6D53ACB9252062D300D2A8AD /* Resources */ = {
			isa = PBXResourcesBuildPhase;
			buildActionMask = 2147483647;
			files = (
				6D53ACCB252062D400D2A8AD /* LaunchScreen.storyboard in Resources */,
				6D53ACC8252062D400D2A8AD /* Assets.xcassets in Resources */,
			);
			runOnlyForDeploymentPostprocessing = 0;
		};
		6D53ACCF252062D400D2A8AD /* Resources */ = {
			isa = PBXResourcesBuildPhase;
			buildActionMask = 2147483647;
			files = (
			);
			runOnlyForDeploymentPostprocessing = 0;
		};
		6D53ACDA252062D400D2A8AD /* Resources */ = {
			isa = PBXResourcesBuildPhase;
			buildActionMask = 2147483647;
			files = (
			);
			runOnlyForDeploymentPostprocessing = 0;
		};
/* End PBXResourcesBuildPhase section */

/* Begin PBXSourcesBuildPhase section */
		6D53ACB7252062D300D2A8AD /* Sources */ = {
			isa = PBXSourcesBuildPhase;
			buildActionMask = 2147483647;
			files = (
				6DA2B1E125206BA6001CB452 /* InfoTableViewCell.swift in Sources */,
				6D53ACBF252062D300D2A8AD /* AppDelegate.swift in Sources */,
				6D53ACEF2520651200D2A8AD /* HomeViewController.swift in Sources */,
			);
			runOnlyForDeploymentPostprocessing = 0;
		};
		6D53ACCD252062D400D2A8AD /* Sources */ = {
			isa = PBXSourcesBuildPhase;
			buildActionMask = 2147483647;
			files = (
				6D53ACD6252062D400D2A8AD /* Code_ChallengeTests.swift in Sources */,
			);
			runOnlyForDeploymentPostprocessing = 0;
		};
		6D53ACD8252062D400D2A8AD /* Sources */ = {
			isa = PBXSourcesBuildPhase;
			buildActionMask = 2147483647;
			files = (
				6D53ACE1252062D400D2A8AD /* Code_ChallengeUITests.swift in Sources */,
			);
			runOnlyForDeploymentPostprocessing = 0;
		};
/* End PBXSourcesBuildPhase section */

/* Begin PBXTargetDependency section */
		6D53ACD3252062D400D2A8AD /* PBXTargetDependency */ = {
			isa = PBXTargetDependency;
			target = 6D53ACBA252062D300D2A8AD /* Code_Challenge */;
			targetProxy = 6D53ACD2252062D400D2A8AD /* PBXContainerItemProxy */;
		};
		6D53ACDE252062D400D2A8AD /* PBXTargetDependency */ = {
			isa = PBXTargetDependency;
			target = 6D53ACBA252062D300D2A8AD /* Code_Challenge */;
			targetProxy = 6D53ACDD252062D400D2A8AD /* PBXContainerItemProxy */;
		};
/* End PBXTargetDependency section */

/* Begin PBXVariantGroup section */
		6D53ACC9252062D400D2A8AD /* LaunchScreen.storyboard */ = {
			isa = PBXVariantGroup;
			children = (
				6D53ACCA252062D400D2A8AD /* Base */,
			);
			name = LaunchScreen.storyboard;
			sourceTree = "<group>";
		};
/* End PBXVariantGroup section */

/* Begin XCBuildConfiguration section */
		6D53ACE3252062D400D2A8AD /* Debug */ = {
			isa = XCBuildConfiguration;
			buildSettings = {
				ALWAYS_SEARCH_USER_PATHS = NO;
				CLANG_ANALYZER_NONNULL = YES;
				CLANG_ANALYZER_NUMBER_OBJECT_CONVERSION = YES_AGGRESSIVE;
				CLANG_CXX_LANGUAGE_STANDARD = "gnu++14";
				CLANG_CXX_LIBRARY = "libc++";
				CLANG_ENABLE_MODULES = YES;
				CLANG_ENABLE_OBJC_ARC = YES;
				CLANG_ENABLE_OBJC_WEAK = YES;
				CLANG_WARN_BLOCK_CAPTURE_AUTORELEASING = YES;
				CLANG_WARN_BOOL_CONVERSION = YES;
				CLANG_WARN_COMMA = YES;
				CLANG_WARN_CONSTANT_CONVERSION = YES;
				CLANG_WARN_DEPRECATED_OBJC_IMPLEMENTATIONS = YES;
				CLANG_WARN_DIRECT_OBJC_ISA_USAGE = YES_ERROR;
				CLANG_WARN_DOCUMENTATION_COMMENTS = YES;
				CLANG_WARN_EMPTY_BODY = YES;
				CLANG_WARN_ENUM_CONVERSION = YES;
				CLANG_WARN_INFINITE_RECURSION = YES;
				CLANG_WARN_INT_CONVERSION = YES;
				CLANG_WARN_NON_LITERAL_NULL_CONVERSION = YES;
				CLANG_WARN_OBJC_IMPLICIT_RETAIN_SELF = YES;
				CLANG_WARN_OBJC_LITERAL_CONVERSION = YES;
				CLANG_WARN_OBJC_ROOT_CLASS = YES_ERROR;
				CLANG_WARN_RANGE_LOOP_ANALYSIS = YES;
				CLANG_WARN_STRICT_PROTOTYPES = YES;
				CLANG_WARN_SUSPICIOUS_MOVE = YES;
				CLANG_WARN_UNGUARDED_AVAILABILITY = YES_AGGRESSIVE;
				CLANG_WARN_UNREACHABLE_CODE = YES;
				CLANG_WARN__DUPLICATE_METHOD_MATCH = YES;
				COPY_PHASE_STRIP = NO;
				DEBUG_INFORMATION_FORMAT = dwarf;
				ENABLE_STRICT_OBJC_MSGSEND = YES;
				ENABLE_TESTABILITY = YES;
				GCC_C_LANGUAGE_STANDARD = gnu11;
				GCC_DYNAMIC_NO_PIC = NO;
				GCC_NO_COMMON_BLOCKS = YES;
				GCC_OPTIMIZATION_LEVEL = 0;
				GCC_PREPROCESSOR_DEFINITIONS = (
					"DEBUG=1",
					"$(inherited)",
				);
				GCC_WARN_64_TO_32_BIT_CONVERSION = YES;
				GCC_WARN_ABOUT_RETURN_TYPE = YES_ERROR;
				GCC_WARN_UNDECLARED_SELECTOR = YES;
				GCC_WARN_UNINITIALIZED_AUTOS = YES_AGGRESSIVE;
				GCC_WARN_UNUSED_FUNCTION = YES;
				GCC_WARN_UNUSED_VARIABLE = YES;
				IPHONEOS_DEPLOYMENT_TARGET = 13.7;
				MTL_ENABLE_DEBUG_INFO = INCLUDE_SOURCE;
				MTL_FAST_MATH = YES;
				ONLY_ACTIVE_ARCH = YES;
				SDKROOT = iphoneos;
				SWIFT_ACTIVE_COMPILATION_CONDITIONS = DEBUG;
				SWIFT_OPTIMIZATION_LEVEL = "-Onone";
			};
			name = Debug;
		};
		6D53ACE4252062D400D2A8AD /* Release */ = {
			isa = XCBuildConfiguration;
			buildSettings = {
				ALWAYS_SEARCH_USER_PATHS = NO;
				CLANG_ANALYZER_NONNULL = YES;
				CLANG_ANALYZER_NUMBER_OBJECT_CONVERSION = YES_AGGRESSIVE;
				CLANG_CXX_LANGUAGE_STANDARD = "gnu++14";
				CLANG_CXX_LIBRARY = "libc++";
				CLANG_ENABLE_MODULES = YES;
				CLANG_ENABLE_OBJC_ARC = YES;
				CLANG_ENABLE_OBJC_WEAK = YES;
				CLANG_WARN_BLOCK_CAPTURE_AUTORELEASING = YES;
				CLANG_WARN_BOOL_CONVERSION = YES;
				CLANG_WARN_COMMA = YES;
				CLANG_WARN_CONSTANT_CONVERSION = YES;
				CLANG_WARN_DEPRECATED_OBJC_IMPLEMENTATIONS = YES;
				CLANG_WARN_DIRECT_OBJC_ISA_USAGE = YES_ERROR;
				CLANG_WARN_DOCUMENTATION_COMMENTS = YES;
				CLANG_WARN_EMPTY_BODY = YES;
				CLANG_WARN_ENUM_CONVERSION = YES;
				CLANG_WARN_INFINITE_RECURSION = YES;
				CLANG_WARN_INT_CONVERSION = YES;
				CLANG_WARN_NON_LITERAL_NULL_CONVERSION = YES;
				CLANG_WARN_OBJC_IMPLICIT_RETAIN_SELF = YES;
				CLANG_WARN_OBJC_LITERAL_CONVERSION = YES;
				CLANG_WARN_OBJC_ROOT_CLASS = YES_ERROR;
				CLANG_WARN_RANGE_LOOP_ANALYSIS = YES;
				CLANG_WARN_STRICT_PROTOTYPES = YES;
				CLANG_WARN_SUSPICIOUS_MOVE = YES;
				CLANG_WARN_UNGUARDED_AVAILABILITY = YES_AGGRESSIVE;
				CLANG_WARN_UNREACHABLE_CODE = YES;
				CLANG_WARN__DUPLICATE_METHOD_MATCH = YES;
				COPY_PHASE_STRIP = NO;
				DEBUG_INFORMATION_FORMAT = "dwarf-with-dsym";
				ENABLE_NS_ASSERTIONS = NO;
				ENABLE_STRICT_OBJC_MSGSEND = YES;
				GCC_C_LANGUAGE_STANDARD = gnu11;
				GCC_NO_COMMON_BLOCKS = YES;
				GCC_WARN_64_TO_32_BIT_CONVERSION = YES;
				GCC_WARN_ABOUT_RETURN_TYPE = YES_ERROR;
				GCC_WARN_UNDECLARED_SELECTOR = YES;
				GCC_WARN_UNINITIALIZED_AUTOS = YES_AGGRESSIVE;
				GCC_WARN_UNUSED_FUNCTION = YES;
				GCC_WARN_UNUSED_VARIABLE = YES;
				IPHONEOS_DEPLOYMENT_TARGET = 13.7;
				MTL_ENABLE_DEBUG_INFO = NO;
				MTL_FAST_MATH = YES;
				SDKROOT = iphoneos;
				SWIFT_COMPILATION_MODE = wholemodule;
				SWIFT_OPTIMIZATION_LEVEL = "-O";
				VALIDATE_PRODUCT = YES;
			};
			name = Release;
		};
		6D53ACE6252062D400D2A8AD /* Debug */ = {
			isa = XCBuildConfiguration;
			buildSettings = {
				ASSETCATALOG_COMPILER_APPICON_NAME = AppIcon;
				CODE_SIGN_STYLE = Automatic;
				INFOPLIST_FILE = Code_Challenge/Info.plist;
				IPHONEOS_DEPLOYMENT_TARGET = 11.0;
				LD_RUNPATH_SEARCH_PATHS = (
					"$(inherited)",
					"@executable_path/Frameworks",
				);
				PRODUCT_BUNDLE_IDENTIFIER = "com.org.Code-Challenge";
				PRODUCT_NAME = "$(TARGET_NAME)";
				SWIFT_VERSION = 5.0;
				TARGETED_DEVICE_FAMILY = "1,2";
			};
			name = Debug;
		};
		6D53ACE7252062D400D2A8AD /* Release */ = {
			isa = XCBuildConfiguration;
			buildSettings = {
				ASSETCATALOG_COMPILER_APPICON_NAME = AppIcon;
				CODE_SIGN_STYLE = Automatic;
				INFOPLIST_FILE = Code_Challenge/Info.plist;
				IPHONEOS_DEPLOYMENT_TARGET = 11.0;
				LD_RUNPATH_SEARCH_PATHS = (
					"$(inherited)",
					"@executable_path/Frameworks",
				);
				PRODUCT_BUNDLE_IDENTIFIER = "com.org.Code-Challenge";
				PRODUCT_NAME = "$(TARGET_NAME)";
				SWIFT_VERSION = 5.0;
				TARGETED_DEVICE_FAMILY = "1,2";
			};
			name = Release;
		};
		6D53ACE9252062D400D2A8AD /* Debug */ = {
			isa = XCBuildConfiguration;
			buildSettings = {
				ALWAYS_EMBED_SWIFT_STANDARD_LIBRARIES = YES;
				BUNDLE_LOADER = "$(TEST_HOST)";
				CODE_SIGN_STYLE = Automatic;
				INFOPLIST_FILE = Code_ChallengeTests/Info.plist;
				IPHONEOS_DEPLOYMENT_TARGET = 13.7;
				LD_RUNPATH_SEARCH_PATHS = (
					"$(inherited)",
					"@executable_path/Frameworks",
					"@loader_path/Frameworks",
				);
				PRODUCT_BUNDLE_IDENTIFIER = "com.org.Code-ChallengeTests";
				PRODUCT_NAME = "$(TARGET_NAME)";
				SWIFT_VERSION = 5.0;
				TARGETED_DEVICE_FAMILY = "1,2";
				TEST_HOST = "$(BUILT_PRODUCTS_DIR)/Code_Challenge.app/Code_Challenge";
			};
			name = Debug;
		};
		6D53ACEA252062D400D2A8AD /* Release */ = {
			isa = XCBuildConfiguration;
			buildSettings = {
				ALWAYS_EMBED_SWIFT_STANDARD_LIBRARIES = YES;
				BUNDLE_LOADER = "$(TEST_HOST)";
				CODE_SIGN_STYLE = Automatic;
				INFOPLIST_FILE = Code_ChallengeTests/Info.plist;
				IPHONEOS_DEPLOYMENT_TARGET = 13.7;
				LD_RUNPATH_SEARCH_PATHS = (
					"$(inherited)",
					"@executable_path/Frameworks",
					"@loader_path/Frameworks",
				);
				PRODUCT_BUNDLE_IDENTIFIER = "com.org.Code-ChallengeTests";
				PRODUCT_NAME = "$(TARGET_NAME)";
				SWIFT_VERSION = 5.0;
				TARGETED_DEVICE_FAMILY = "1,2";
				TEST_HOST = "$(BUILT_PRODUCTS_DIR)/Code_Challenge.app/Code_Challenge";
			};
			name = Release;
		};
		6D53ACEC252062D400D2A8AD /* Debug */ = {
			isa = XCBuildConfiguration;
			buildSettings = {
				ALWAYS_EMBED_SWIFT_STANDARD_LIBRARIES = YES;
				CODE_SIGN_STYLE = Automatic;
				INFOPLIST_FILE = Code_ChallengeUITests/Info.plist;
				LD_RUNPATH_SEARCH_PATHS = (
					"$(inherited)",
					"@executable_path/Frameworks",
					"@loader_path/Frameworks",
				);
				PRODUCT_BUNDLE_IDENTIFIER = "com.org.Code-ChallengeUITests";
				PRODUCT_NAME = "$(TARGET_NAME)";
				SWIFT_VERSION = 5.0;
				TARGETED_DEVICE_FAMILY = "1,2";
				TEST_TARGET_NAME = Code_Challenge;
			};
			name = Debug;
		};
		6D53ACED252062D400D2A8AD /* Release */ = {
			isa = XCBuildConfiguration;
			buildSettings = {
				ALWAYS_EMBED_SWIFT_STANDARD_LIBRARIES = YES;
				CODE_SIGN_STYLE = Automatic;
				INFOPLIST_FILE = Code_ChallengeUITests/Info.plist;
				LD_RUNPATH_SEARCH_PATHS = (
					"$(inherited)",
					"@executable_path/Frameworks",
					"@loader_path/Frameworks",
				);
				PRODUCT_BUNDLE_IDENTIFIER = "com.org.Code-ChallengeUITests";
				PRODUCT_NAME = "$(TARGET_NAME)";
				SWIFT_VERSION = 5.0;
				TARGETED_DEVICE_FAMILY = "1,2";
				TEST_TARGET_NAME = Code_Challenge;
			};
			name = Release;
		};
/* End XCBuildConfiguration section */

/* Begin XCConfigurationList section */
		6D53ACB6252062D300D2A8AD /* Build configuration list for PBXProject "Code_Challenge" */ = {
			isa = XCConfigurationList;
			buildConfigurations = (
				6D53ACE3252062D400D2A8AD /* Debug */,
				6D53ACE4252062D400D2A8AD /* Release */,
			);
			defaultConfigurationIsVisible = 0;
			defaultConfigurationName = Release;
		};
		6D53ACE5252062D400D2A8AD /* Build configuration list for PBXNativeTarget "Code_Challenge" */ = {
			isa = XCConfigurationList;
			buildConfigurations = (
				6D53ACE6252062D400D2A8AD /* Debug */,
				6D53ACE7252062D400D2A8AD /* Release */,
			);
			defaultConfigurationIsVisible = 0;
			defaultConfigurationName = Release;
		};
		6D53ACE8252062D400D2A8AD /* Build configuration list for PBXNativeTarget "Code_ChallengeTests" */ = {
			isa = XCConfigurationList;
			buildConfigurations = (
				6D53ACE9252062D400D2A8AD /* Debug */,
				6D53ACEA252062D400D2A8AD /* Release */,
			);
			defaultConfigurationIsVisible = 0;
			defaultConfigurationName = Release;
		};
		6D53ACEB252062D400D2A8AD /* Build configuration list for PBXNativeTarget "Code_ChallengeUITests" */ = {
			isa = XCConfigurationList;
			buildConfigurations = (
				6D53ACEC252062D400D2A8AD /* Debug */,
				6D53ACED252062D400D2A8AD /* Release */,
			);
			defaultConfigurationIsVisible = 0;
			defaultConfigurationName = Release;
		};
/* End XCConfigurationList section */
	};
	rootObject = 6D53ACB3252062D300D2A8AD /* Project object */;
}
